
Microsoft Visual Studio Solution File, Format Version 12.00
# Visual Studio Version 17
VisualStudioVersion = 17.10.34928.147
MinimumVisualStudioVersion = 10.0.40219.1
Project("{FAE04EC0-301F-11D3-BF4B-00C04F79EFBC}") = "ShapesLibrary", "ShapesLibrary\ShapesLibrary.csproj", "{7A58ACFC-C21B-4FDE-AD46-B9B40064D6C3}"
EndProject
Project("{FAE04EC0-301F-11D3-BF4B-00C04F79EFBC}") = "ShapesApp", "ShapesApp\ShapesApp.csproj", "{C78F4DF3-1BE3-44AE-A134-2991627F5DF8}"
EndProject
Global
	GlobalSection(SolutionConfigurationPlatforms) = preSolution
		Debug|Any CPU = Debug|Any CPU
		Release|Any CPU = Release|Any CPU
	EndGlobalSection
	GlobalSection(ProjectConfigurationPlatforms) = postSolution
		{7A58ACFC-C21B-4FDE-AD46-B9B40064D6C3}.Debug|Any CPU.ActiveCfg = Debug|Any CPU
		{7A58ACFC-C21B-4FDE-AD46-B9B40064D6C3}.Debug|Any CPU.Build.0 = Debug|Any CPU
		{7A58ACFC-C21B-4FDE-AD46-B9B40064D6C3}.Release|Any CPU.ActiveCfg = Release|Any CPU
		{7A58ACFC-C21B-4FDE-AD46-B9B40064D6C3}.Release|Any CPU.Build.0 = Release|Any CPU
		{C78F4DF3-1BE3-44AE-A134-2991627F5DF8}.Debug|Any CPU.ActiveCfg = Debug|Any CPU
		{C78F4DF3-1BE3-44AE-A134-2991627F5DF8}.Debug|Any CPU.Build.0 = Debug|Any CPU
		{C78F4DF3-1BE3-44AE-A134-2991627F5DF8}.Release|Any CPU.ActiveCfg = Release|Any CPU
		{C78F4DF3-1BE3-44AE-A134-2991627F5DF8}.Release|Any CPU.Build.0 = Release|Any CPU
	EndGlobalSection
	GlobalSection(SolutionProperties) = preSolution
		HideSolutionNode = FALSE
	EndGlobalSection
	GlobalSection(ExtensibilityGlobals) = postSolution
		SolutionGuid = {DA41C204-2A15-4A1E-B680-8A648B093058}
	EndGlobalSection
EndGlobal
